
Microsoft Visual Studio Solution File, Format Version 12.00
# Visual Studio 15
VisualStudioVersion = 15.0.28307.489
MinimumVisualStudioVersion = 10.0.40219.1
Project("{FAE04EC0-301F-11D3-BF4B-00C04F79EFBC}") = "Library_Entity", "Library_Entity\Library_Entity.csproj", "{1E6BCC3F-470C-4E2C-BA21-4E6869750510}"
EndProject
Project("{FAE04EC0-301F-11D3-BF4B-00C04F79EFBC}") = "DataRecord", "DataRecord\DataRecord.csproj", "{27F656B2-E8B1-46FF-A38A-4CC74FE0DE9E}"
EndProject
Project("{FAE04EC0-301F-11D3-BF4B-00C04F79EFBC}") = "Presentation", "Presentation\Presentation.csproj", "{09D58C19-DDC6-45D6-8DA8-7E8652C370BE}"
EndProject
Global
	GlobalSection(SolutionConfigurationPlatforms) = preSolution
		Debug|Any CPU = Debug|Any CPU
		Release|Any CPU = Release|Any CPU
	EndGlobalSection
	GlobalSection(ProjectConfigurationPlatforms) = postSolution
		{1E6BCC3F-470C-4E2C-BA21-4E6869750510}.Debug|Any CPU.ActiveCfg = Debug|Any CPU
		{1E6BCC3F-470C-4E2C-BA21-4E6869750510}.Debug|Any CPU.Build.0 = Debug|Any CPU
		{1E6BCC3F-470C-4E2C-BA21-4E6869750510}.Release|Any CPU.ActiveCfg = Release|Any CPU
		{1E6BCC3F-470C-4E2C-BA21-4E6869750510}.Release|Any CPU.Build.0 = Release|Any CPU
		{27F656B2-E8B1-46FF-A38A-4CC74FE0DE9E}.Debug|Any CPU.ActiveCfg = Debug|Any CPU
		{27F656B2-E8B1-46FF-A38A-4CC74FE0DE9E}.Debug|Any CPU.Build.0 = Debug|Any CPU
		{27F656B2-E8B1-46FF-A38A-4CC74FE0DE9E}.Release|Any CPU.ActiveCfg = Release|Any CPU
		{27F656B2-E8B1-46FF-A38A-4CC74FE0DE9E}.Release|Any CPU.Build.0 = Release|Any CPU
		{09D58C19-DDC6-45D6-8DA8-7E8652C370BE}.Debug|Any CPU.ActiveCfg = Debug|Any CPU
		{09D58C19-DDC6-45D6-8DA8-7E8652C370BE}.Debug|Any CPU.Build.0 = Debug|Any CPU
		{09D58C19-DDC6-45D6-8DA8-7E8652C370BE}.Release|Any CPU.ActiveCfg = Release|Any CPU
		{09D58C19-DDC6-45D6-8DA8-7E8652C370BE}.Release|Any CPU.Build.0 = Release|Any CPU
	EndGlobalSection
	GlobalSection(SolutionProperties) = preSolution
		HideSolutionNode = FALSE
	EndGlobalSection
	GlobalSection(ExtensibilityGlobals) = postSolution
		SolutionGuid = {EEF46ADD-2034-4060-BA54-CBED84AE0177}
	EndGlobalSection
EndGlobal
